PODS:
  - audio_session (0.0.1):
    - Flutter
  - Flutter (1.0.0)
  - flutter_inappwebview_ios (0.0.1):
    - Flutter
    - flutter_inappwebview_ios/Core (= 0.0.1)
    - OrderedSet (~> 6.0.3)
  - flutter_inappwebview_ios/Core (0.0.1):
    - Flutter
    - OrderedSet (~> 6.0.3)
  - flutter_sound (9.28.0):
    - Flutter
    - flutter_sound_core (= 9.28.0)
  - flutter_sound_core (9.28.0)
  - flutter_webrtc (1.2.0):
    - Flutter
    - WebRTC-SDK (= 137.7151.04)
  - just_audio (0.0.1):
    - Flutter
    - FlutterMacOS
  - OrderedSet (6.0.3)
  - path_provider_foundation (0.0.1):
    - Flutter
    - FlutterMacOS
  - record (0.0.1):
    - Flutter
  - url_launcher_ios (0.0.1):
    - Flutter
  - WebRTC-SDK (137.7151.04)

DEPENDENCIES:
  - audio_session (from `.symlinks/plugins/audio_session/ios`)
  - Flutter (from `Flutter`)
  - flutter_inappwebview_ios (from `.symlinks/plugins/flutter_inappwebview_ios/ios`)
  - flutter_sound (from `.symlinks/plugins/flutter_sound/ios`)
  - flutter_webrtc (from `.symlinks/plugins/flutter_webrtc/ios`)
  - just_audio (from `.symlinks/plugins/just_audio/darwin`)
  - path_provider_foundation (from `.symlinks/plugins/path_provider_foundation/darwin`)
  - record (from `.symlinks/plugins/record/ios`)
  - url_launcher_ios (from `.symlinks/plugins/url_launcher_ios/ios`)

SPEC REPOS:
  trunk:
    - flutter_sound_core
    - OrderedSet
    - WebRTC-SDK

EXTERNAL SOURCES:
  audio_session:
    :path: ".symlinks/plugins/audio_session/ios"
  Flutter:
    :path: Flutter
  flutter_inappwebview_ios:
    :path: ".symlinks/plugins/flutter_inappwebview_ios/ios"
  flutter_sound:
    :path: ".symlinks/plugins/flutter_sound/ios"
  flutter_webrtc:
    :path: ".symlinks/plugins/flutter_webrtc/ios"
  just_audio:
    :path: ".symlinks/plugins/just_audio/darwin"
  path_provider_foundation:
    :path: ".symlinks/plugins/path_provider_foundation/darwin"
  record:
    :path: ".symlinks/plugins/record/ios"
  url_launcher_ios:
    :path: ".symlinks/plugins/url_launcher_ios/ios"

SPEC CHECKSUMS:
  audio_session: 9bb7f6c970f21241b19f5a3658097ae459681ba0
  Flutter: cabc95a1d2626b1b06e7179b784ebcf0c0cde467
  flutter_inappwebview_ios: b89ba3482b96fb25e00c967aae065701b66e9b99
  flutter_sound: b9236a5875299aaa4cef1690afd2f01d52a3f890
  flutter_sound_core: 427465f72d07ab8c3edbe8ffdde709ddacd3763c
  flutter_webrtc: c3e21fc0dcd9d8eb246ae4d5256fcbeb2f5ecd22
  just_audio: 4e391f57b79cad2b0674030a00453ca5ce817eed
  OrderedSet: e539b66b644ff081c73a262d24ad552a69be3a94
  path_provider_foundation: bb55f6dbba17d0dccd6737fe6f7f34fbd0376880
  record: 426d0643542aaca81f738c5d214ad99626b2f134
  url_launcher_ios: 7a95fa5b60cc718a708b8f2966718e93db0cef1b
  WebRTC-SDK: 40d4f5ba05cadff14e4db5614aec402a633f007e

PODFILE CHECKSUM: 3c63482e143d1b91d2d2560aee9fb04ecc74ac7e

COCOAPODS: 1.16.2
